
Microsoft Visual Studio Solution File, Format Version 12.00
# Visual Studio Version 17
VisualStudioVersion = 17.11.35208.52
MinimumVisualStudioVersion = 10.0.40219.1
Project("{FAE04EC0-301F-11D3-BF4B-00C04F79EFBC}") = "ExamenNarvaezEsteban", "ExamenNarvaezEsteban\ExamenNarvaezEsteban.csproj", "{A89E43FC-F076-46E3-9FA2-94F50D80DA6E}"
EndProject
Global
	GlobalSection(SolutionConfigurationPlatforms) = preSolution
		Debug|Any CPU = Debug|Any CPU
		Release|Any CPU = Release|Any CPU
	EndGlobalSection
	GlobalSection(ProjectConfigurationPlatforms) = postSolution
		{A89E43FC-F076-46E3-9FA2-94F50D80DA6E}.Debug|Any CPU.ActiveCfg = Debug|Any CPU
		{A89E43FC-F076-46E3-9FA2-94F50D80DA6E}.Debug|Any CPU.Build.0 = Debug|Any CPU
		{A89E43FC-F076-46E3-9FA2-94F50D80DA6E}.Debug|Any CPU.Deploy.0 = Debug|Any CPU
		{A89E43FC-F076-46E3-9FA2-94F50D80DA6E}.Release|Any CPU.ActiveCfg = Release|Any CPU
		{A89E43FC-F076-46E3-9FA2-94F50D80DA6E}.Release|Any CPU.Build.0 = Release|Any CPU
		{A89E43FC-F076-46E3-9FA2-94F50D80DA6E}.Release|Any CPU.Deploy.0 = Release|Any CPU
	EndGlobalSection
	GlobalSection(SolutionProperties) = preSolution
		HideSolutionNode = FALSE
	EndGlobalSection
	GlobalSection(ExtensibilityGlobals) = postSolution
		SolutionGuid = {73941ACE-A23B-4E15-AE0A-2F4E4CE054D2}
	EndGlobalSection
EndGlobal
